// !$*UTF8*$!
{
	archiveVersion = 1;
	classes = {
	};
	objectVersion = 51;
	objects = {

/* Begin PBXBuildFile section */
		7F4871AE24C3C379313D72F2 /* Pods_ChatAround.framework in Frameworks */ = {isa = PBXBuildFile; fileRef = 56BBE72004EAEC420E522064 /* Pods_ChatAround.framework */; };
		A64B5E482608AB0F00B4B6D9 /* AppDelegate.swift in Sources */ = {isa = PBXBuildFile; fileRef = A64B5E472608AB0F00B4B6D9 /* AppDelegate.swift */; };
		A64B5E4A2608AB0F00B4B6D9 /* SceneDelegate.swift in Sources */ = {isa = PBXBuildFile; fileRef = A64B5E492608AB0F00B4B6D9 /* SceneDelegate.swift */; };
		A64B5E4C2608AB0F00B4B6D9 /* ViewController.swift in Sources */ = {isa = PBXBuildFile; fileRef = A64B5E4B2608AB0F00B4B6D9 /* ViewController.swift */; };
		A64B5E4F2608AB0F00B4B6D9 /* Main.storyboard in Resources */ = {isa = PBXBuildFile; fileRef = A64B5E4D2608AB0F00B4B6D9 /* Main.storyboard */; };
		A64B5E512608AB1300B4B6D9 /* Assets.xcassets in Resources */ = {isa = PBXBuildFile; fileRef = A64B5E502608AB1300B4B6D9 /* Assets.xcassets */; };
		A64B5E542608AB1300B4B6D9 /* LaunchScreen.storyboard in Resources */ = {isa = PBXBuildFile; fileRef = A64B5E522608AB1300B4B6D9 /* LaunchScreen.storyboard */; };
		A64B5E5E260992B600B4B6D9 /* InfoSheetViewController.swift in Sources */ = {isa = PBXBuildFile; fileRef = A64B5E5C260992B600B4B6D9 /* InfoSheetViewController.swift */; };
		A64B5E5F260992B600B4B6D9 /* InfoSheetViewController.xib in Resources */ = {isa = PBXBuildFile; fileRef = A64B5E5D260992B600B4B6D9 /* InfoSheetViewController.xib */; };
		A64B5E612609CB6500B4B6D9 /* UIViewExtension.swift in Sources */ = {isa = PBXBuildFile; fileRef = A64B5E602609CB6500B4B6D9 /* UIViewExtension.swift */; };
		A6821D68260A6CB300568BCD /* GoogleService-Info.plist in Resources */ = {isa = PBXBuildFile; fileRef = A6821D67260A6CB300568BCD /* GoogleService-Info.plist */; };
		A6821D6B260A746600568BCD /* UserModel.swift in Sources */ = {isa = PBXBuildFile; fileRef = A6821D6A260A746600568BCD /* UserModel.swift */; };
		A6821D6E260A90BF00568BCD /* RepeatingTimer.swift in Sources */ = {isa = PBXBuildFile; fileRef = A6821D6D260A90BF00568BCD /* RepeatingTimer.swift */; };
		A6821D71260B3B4400568BCD /* LoginViewController.swift in Sources */ = {isa = PBXBuildFile; fileRef = A6821D70260B3B4400568BCD /* LoginViewController.swift */; };
		A6821D73260B3B8200568BCD /* RegisterViewController.swift in Sources */ = {isa = PBXBuildFile; fileRef = A6821D72260B3B8200568BCD /* RegisterViewController.swift */; };
		A6821D75260B56E200568BCD /* UserProfile.swift in Sources */ = {isa = PBXBuildFile; fileRef = A6821D74260B56E200568BCD /* UserProfile.swift */; };
		A6821D77260B5BFD00568BCD /* MainNavigationController.swift in Sources */ = {isa = PBXBuildFile; fileRef = A6821D76260B5BFD00568BCD /* MainNavigationController.swift */; };
/* End PBXBuildFile section */

/* Begin PBXFileReference section */
		56BBE72004EAEC420E522064 /* Pods_ChatAround.framework */ = {isa = PBXFileReference; explicitFileType = wrapper.framework; includeInIndex = 0; path = Pods_ChatAround.framework; sourceTree = BUILT_PRODUCTS_DIR; };
		A64B5E442608AB0F00B4B6D9 /* ChatAround.app */ = {isa = PBXFileReference; explicitFileType = wrapper.application; includeInIndex = 0; path = ChatAround.app; sourceTree = BUILT_PRODUCTS_DIR; };
		A64B5E472608AB0F00B4B6D9 /* AppDelegate.swift */ = {isa = PBXFileReference; lastKnownFileType = sourcecode.swift; path = AppDelegate.swift; sourceTree = "<group>"; };
		A64B5E492608AB0F00B4B6D9 /* SceneDelegate.swift */ = {isa = PBXFileReference; lastKnownFileType = sourcecode.swift; path = SceneDelegate.swift; sourceTree = "<group>"; };
		A64B5E4B2608AB0F00B4B6D9 /* ViewController.swift */ = {isa = PBXFileReference; lastKnownFileType = sourcecode.swift; path = ViewController.swift; sourceTree = "<group>"; };
		A64B5E4E2608AB0F00B4B6D9 /* Base */ = {isa = PBXFileReference; lastKnownFileType = file.storyboard; name = Base; path = Base.lproj/Main.storyboard; sourceTree = "<group>"; };
		A64B5E502608AB1300B4B6D9 /* Assets.xcassets */ = {isa = PBXFileReference; lastKnownFileType = folder.assetcatalog; path = Assets.xcassets; sourceTree = "<group>"; };
		A64B5E532608AB1300B4B6D9 /* Base */ = {isa = PBXFileReference; lastKnownFileType = file.storyboard; name = Base; path = Base.lproj/LaunchScreen.storyboard; sourceTree = "<group>"; };
		A64B5E552608AB1300B4B6D9 /* Info.plist */ = {isa = PBXFileReference; lastKnownFileType = text.plist.xml; path = Info.plist; sourceTree = "<group>"; };
		A64B5E5C260992B600B4B6D9 /* InfoSheetViewController.swift */ = {isa = PBXFileReference; lastKnownFileType = sourcecode.swift; path = InfoSheetViewController.swift; sourceTree = "<group>"; };
		A64B5E5D260992B600B4B6D9 /* InfoSheetViewController.xib */ = {isa = PBXFileReference; lastKnownFileType = file.xib; path = InfoSheetViewController.xib; sourceTree = "<group>"; };
		A64B5E602609CB6500B4B6D9 /* UIViewExtension.swift */ = {isa = PBXFileReference; fileEncoding = 4; lastKnownFileType = sourcecode.swift; path = UIViewExtension.swift; sourceTree = "<group>"; };
		A6821D67260A6CB300568BCD /* GoogleService-Info.plist */ = {isa = PBXFileReference; fileEncoding = 4; lastKnownFileType = text.plist.xml; path = "GoogleService-Info.plist"; sourceTree = "<group>"; };
		A6821D6A260A746600568BCD /* UserModel.swift */ = {isa = PBXFileReference; lastKnownFileType = sourcecode.swift; path = UserModel.swift; sourceTree = "<group>"; };
		A6821D6D260A90BF00568BCD /* RepeatingTimer.swift */ = {isa = PBXFileReference; lastKnownFileType = sourcecode.swift; path = RepeatingTimer.swift; sourceTree = "<group>"; };
		A6821D70260B3B4400568BCD /* LoginViewController.swift */ = {isa = PBXFileReference; lastKnownFileType = sourcecode.swift; path = LoginViewController.swift; sourceTree = "<group>"; };
		A6821D72260B3B8200568BCD /* RegisterViewController.swift */ = {isa = PBXFileReference; lastKnownFileType = sourcecode.swift; path = RegisterViewController.swift; sourceTree = "<group>"; };
		A6821D74260B56E200568BCD /* UserProfile.swift */ = {isa = PBXFileReference; lastKnownFileType = sourcecode.swift; path = UserProfile.swift; sourceTree = "<group>"; };
		A6821D76260B5BFD00568BCD /* MainNavigationController.swift */ = {isa = PBXFileReference; lastKnownFileType = sourcecode.swift; path = MainNavigationController.swift; sourceTree = "<group>"; };
		B74D05116FE0251C1CBD73A0 /* Pods-ChatAround.release.xcconfig */ = {isa = PBXFileReference; includeInIndex = 1; lastKnownFileType = text.xcconfig; name = "Pods-ChatAround.release.xcconfig"; path = "Target Support Files/Pods-ChatAround/Pods-ChatAround.release.xcconfig"; sourceTree = "<group>"; };
		F32CD8D806F49CDA208C5D02 /* Pods-ChatAround.debug.xcconfig */ = {isa = PBXFileReference; includeInIndex = 1; lastKnownFileType = text.xcconfig; name = "Pods-ChatAround.debug.xcconfig"; path = "Target Support Files/Pods-ChatAround/Pods-ChatAround.debug.xcconfig"; sourceTree = "<group>"; };
/* End PBXFileReference section */

/* Begin PBXFrameworksBuildPhase section */
		A64B5E412608AB0F00B4B6D9 /* Frameworks */ = {
			isa = PBXFrameworksBuildPhase;
			buildActionMask = 2147483647;
			files = (
				7F4871AE24C3C379313D72F2 /* Pods_ChatAround.framework in Frameworks */,
			);
			runOnlyForDeploymentPostprocessing = 0;
		};
/* End PBXFrameworksBuildPhase section */

/* Begin PBXGroup section */
		331A48522A223130DF192F87 /* Pods */ = {
			isa = PBXGroup;
			children = (
				F32CD8D806F49CDA208C5D02 /* Pods-ChatAround.debug.xcconfig */,
				B74D05116FE0251C1CBD73A0 /* Pods-ChatAround.release.xcconfig */,
			);
			path = Pods;
			sourceTree = "<group>";
		};
		A64B5E3B2608AB0F00B4B6D9 = {
			isa = PBXGroup;
			children = (
				A64B5E462608AB0F00B4B6D9 /* ChatAround */,
				A64B5E452608AB0F00B4B6D9 /* Products */,
				331A48522A223130DF192F87 /* Pods */,
				E48589D562C312D441EDF690 /* Frameworks */,
			);
			sourceTree = "<group>";
		};
		A64B5E452608AB0F00B4B6D9 /* Products */ = {
			isa = PBXGroup;
			children = (
				A64B5E442608AB0F00B4B6D9 /* ChatAround.app */,
			);
			name = Products;
			sourceTree = "<group>";
		};
		A64B5E462608AB0F00B4B6D9 /* ChatAround */ = {
			isa = PBXGroup;
			children = (
				A6DA1954260CBBA5009C9FD1 /* Storyboard */,
				A6821D6F260B3B2E00568BCD /* ViewControllers */,
				A6821D6C260A907900568BCD /* Utlis */,
				A6821D69260A741900568BCD /* Model */,
				A64B5E472608AB0F00B4B6D9 /* AppDelegate.swift */,
				A64B5E492608AB0F00B4B6D9 /* SceneDelegate.swift */,
				A64B5E502608AB1300B4B6D9 /* Assets.xcassets */,
				A6821D67260A6CB300568BCD /* GoogleService-Info.plist */,
				A64B5E552608AB1300B4B6D9 /* Info.plist */,
			);
			path = ChatAround;
			sourceTree = "<group>";
		};
		A64B5E5B2609925B00B4B6D9 /* Bottom view */ = {
			isa = PBXGroup;
			children = (
				A64B5E5C260992B600B4B6D9 /* InfoSheetViewController.swift */,
				A64B5E5D260992B600B4B6D9 /* InfoSheetViewController.xib */,
			);
			path = "Bottom view";
			sourceTree = "<group>";
		};
		A6821D69260A741900568BCD /* Model */ = {
			isa = PBXGroup;
			children = (
				A6821D6A260A746600568BCD /* UserModel.swift */,
			);
			path = Model;
			sourceTree = "<group>";
		};
		A6821D6C260A907900568BCD /* Utlis */ = {
			isa = PBXGroup;
			children = (
				A64B5E602609CB6500B4B6D9 /* UIViewExtension.swift */,
				A6821D6D260A90BF00568BCD /* RepeatingTimer.swift */,
				A6821D74260B56E200568BCD /* UserProfile.swift */,
			);
			path = Utlis;
			sourceTree = "<group>";
		};
		A6821D6F260B3B2E00568BCD /* ViewControllers */ = {
			isa = PBXGroup;
			children = (
				A64B5E5B2609925B00B4B6D9 /* Bottom view */,
				A64B5E4B2608AB0F00B4B6D9 /* ViewController.swift */,
				A6821D70260B3B4400568BCD /* LoginViewController.swift */,
				A6821D72260B3B8200568BCD /* RegisterViewController.swift */,
				A6821D76260B5BFD00568BCD /* MainNavigationController.swift */,
			);
			path = ViewControllers;
			sourceTree = "<group>";
		};
		A6DA1954260CBBA5009C9FD1 /* Storyboard */ = {
			isa = PBXGroup;
			children = (
				A64B5E4D2608AB0F00B4B6D9 /* Main.storyboard */,
				A64B5E522608AB1300B4B6D9 /* LaunchScreen.storyboard */,
			);
			path = Storyboard;
			sourceTree = "<group>";
		};
		E48589D562C312D441EDF690 /* Frameworks */ = {
			isa = PBXGroup;
			children = (
				56BBE72004EAEC420E522064 /* Pods_ChatAround.framework */,
			);
			name = Frameworks;
			sourceTree = "<group>";
		};
/* End PBXGroup section */

/* Begin PBXNativeTarget section */
		A64B5E432608AB0F00B4B6D9 /* ChatAround */ = {
			isa = PBXNativeTarget;
			buildConfigurationList = A64B5E582608AB1300B4B6D9 /* Build configuration list for PBXNativeTarget "ChatAround" */;
			buildPhases = (
				6A220BB1080B38ABCD8DA19A /* [CP] Check Pods Manifest.lock */,
				A64B5E402608AB0F00B4B6D9 /* Sources */,
				A64B5E412608AB0F00B4B6D9 /* Frameworks */,
				A64B5E422608AB0F00B4B6D9 /* Resources */,
				201110FD9B5DEF2BD1284BA2 /* [CP] Embed Pods Frameworks */,
			);
			buildRules = (
			);
			dependencies = (
			);
			name = ChatAround;
			productName = ChatAround;
			productReference = A64B5E442608AB0F00B4B6D9 /* ChatAround.app */;
			productType = "com.apple.product-type.application";
		};
/* End PBXNativeTarget section */

/* Begin PBXProject section */
		A64B5E3C2608AB0F00B4B6D9 /* Project object */ = {
			isa = PBXProject;
			attributes = {
				LastSwiftUpdateCheck = 1130;
				LastUpgradeCheck = 1130;
				ORGANIZATIONNAME = "mac air";
				TargetAttributes = {
					A64B5E432608AB0F00B4B6D9 = {
						CreatedOnToolsVersion = 11.3.1;
					};
				};
			};
			buildConfigurationList = A64B5E3F2608AB0F00B4B6D9 /* Build configuration list for PBXProject "ChatAround" */;
			compatibilityVersion = "Xcode 9.3";
			developmentRegion = en;
			hasScannedForEncodings = 0;
			knownRegions = (
				en,
				Base,
			);
			mainGroup = A64B5E3B2608AB0F00B4B6D9;
			productRefGroup = A64B5E452608AB0F00B4B6D9 /* Products */;
			projectDirPath = "";
			projectRoot = "";
			targets = (
				A64B5E432608AB0F00B4B6D9 /* ChatAround */,
			);
		};
/* End PBXProject section */

/* Begin PBXResourcesBuildPhase section */
		A64B5E422608AB0F00B4B6D9 /* Resources */ = {
			isa = PBXResourcesBuildPhase;
			buildActionMask = 2147483647;
			files = (
				A64B5E5F260992B600B4B6D9 /* InfoSheetViewController.xib in Resources */,
				A64B5E542608AB1300B4B6D9 /* LaunchScreen.storyboard in Resources */,
				A64B5E512608AB1300B4B6D9 /* Assets.xcassets in Resources */,
				A6821D68260A6CB300568BCD /* GoogleService-Info.plist in Resources */,
				A64B5E4F2608AB0F00B4B6D9 /* Main.storyboard in Resources */,
			);
			runOnlyForDeploymentPostprocessing = 0;
		};
/* End PBXResourcesBuildPhase section */

/* Begin PBXShellScriptBuildPhase section */
		201110FD9B5DEF2BD1284BA2 /* [CP] Embed Pods Frameworks */ = {
			isa = PBXShellScriptBuildPhase;
			buildActionMask = 2147483647;
			files = (
			);
			inputFileListPaths = (
				"${PODS_ROOT}/Target Support Files/Pods-ChatAround/Pods-ChatAround-frameworks-${CONFIGURATION}-input-files.xcfilelist",
			);
			name = "[CP] Embed Pods Frameworks";
			outputFileListPaths = (
				"${PODS_ROOT}/Target Support Files/Pods-ChatAround/Pods-ChatAround-frameworks-${CONFIGURATION}-output-files.xcfilelist",
			);
			runOnlyForDeploymentPostprocessing = 0;
			shellPath = /bin/sh;
			shellScript = "\"${PODS_ROOT}/Target Support Files/Pods-ChatAround/Pods-ChatAround-frameworks.sh\"\n";
			showEnvVarsInLog = 0;
		};
		6A220BB1080B38ABCD8DA19A /* [CP] Check Pods Manifest.lock */ = {
			isa = PBXShellScriptBuildPhase;
			buildActionMask = 2147483647;
			files = (
			);
			inputFileListPaths = (
			);
			inputPaths = (
				"${PODS_PODFILE_DIR_PATH}/Podfile.lock",
				"${PODS_ROOT}/Manifest.lock",
			);
			name = "[CP] Check Pods Manifest.lock";
			outputFileListPaths = (
			);
			outputPaths = (
				"$(DERIVED_FILE_DIR)/Pods-ChatAround-checkManifestLockResult.txt",
			);
			runOnlyForDeploymentPostprocessing = 0;
			shellPath = /bin/sh;
			shellScript = "diff \"${PODS_PODFILE_DIR_PATH}/Podfile.lock\" \"${PODS_ROOT}/Manifest.lock\" > /dev/null\nif [ $? != 0 ] ; then\n    # print error to STDERR\n    echo \"error: The sandbox is not in sync with the Podfile.lock. Run 'pod install' or update your CocoaPods installation.\" >&2\n    exit 1\nfi\n# This output is used by Xcode 'outputs' to avoid re-running this script phase.\necho \"SUCCESS\" > \"${SCRIPT_OUTPUT_FILE_0}\"\n";
			showEnvVarsInLog = 0;
		};
/* End PBXShellScriptBuildPhase section */

/* Begin PBXSourcesBuildPhase section */
		A64B5E402608AB0F00B4B6D9 /* Sources */ = {
			isa = PBXSourcesBuildPhase;
			buildActionMask = 2147483647;
			files = (
				A6821D73260B3B8200568BCD /* RegisterViewController.swift in Sources */,
				A64B5E612609CB6500B4B6D9 /* UIViewExtension.swift in Sources */,
				A6821D75260B56E200568BCD /* UserProfile.swift in Sources */,
				A6821D77260B5BFD00568BCD /* MainNavigationController.swift in Sources */,
				A64B5E5E260992B600B4B6D9 /* InfoSheetViewController.swift in Sources */,
				A64B5E4C2608AB0F00B4B6D9 /* ViewController.swift in Sources */,
				A64B5E482608AB0F00B4B6D9 /* AppDelegate.swift in Sources */,
				A6821D71260B3B4400568BCD /* LoginViewController.swift in Sources */,
				A6821D6B260A746600568BCD /* UserModel.swift in Sources */,
				A6821D6E260A90BF00568BCD /* RepeatingTimer.swift in Sources */,
				A64B5E4A2608AB0F00B4B6D9 /* SceneDelegate.swift in Sources */,
			);
			runOnlyForDeploymentPostprocessing = 0;
		};
/* End PBXSourcesBuildPhase section */

/* Begin PBXVariantGroup section */
		A64B5E4D2608AB0F00B4B6D9 /* Main.storyboard */ = {
			isa = PBXVariantGroup;
			children = (
				A64B5E4E2608AB0F00B4B6D9 /* Base */,
			);
			name = Main.storyboard;
			sourceTree = "<group>";
		};
		A64B5E522608AB1300B4B6D9 /* LaunchScreen.storyboard */ = {
			isa = PBXVariantGroup;
			children = (
				A64B5E532608AB1300B4B6D9 /* Base */,
			);
			name = LaunchScreen.storyboard;
			sourceTree = "<group>";
		};
/* End PBXVariantGroup section */

/* Begin XCBuildConfiguration section */
		A64B5E562608AB1300B4B6D9 /* Debug */ = {
			isa = XCBuildConfiguration;
			buildSettings = {
				ALWAYS_SEARCH_USER_PATHS = NO;
				CLANG_ANALYZER_NONNULL = YES;
				CLANG_ANALYZER_NUMBER_OBJECT_CONVERSION = YES_AGGRESSIVE;
				CLANG_CXX_LANGUAGE_STANDARD = "gnu++14";
				CLANG_CXX_LIBRARY = "libc++";
				CLANG_ENABLE_MODULES = YES;
				CLANG_ENABLE_OBJC_ARC = YES;
				CLANG_ENABLE_OBJC_WEAK = YES;
				CLANG_WARN_BLOCK_CAPTURE_AUTORELEASING = YES;
				CLANG_WARN_BOOL_CONVERSION = YES;
				CLANG_WARN_COMMA = YES;
				CLANG_WARN_CONSTANT_CONVERSION = YES;
				CLANG_WARN_DEPRECATED_OBJC_IMPLEMENTATIONS = YES;
				CLANG_WARN_DIRECT_OBJC_ISA_USAGE = YES_ERROR;
				CLANG_WARN_DOCUMENTATION_COMMENTS = YES;
				CLANG_WARN_EMPTY_BODY = YES;
				CLANG_WARN_ENUM_CONVERSION = YES;
				CLANG_WARN_INFINITE_RECURSION = YES;
				CLANG_WARN_INT_CONVERSION = YES;
				CLANG_WARN_NON_LITERAL_NULL_CONVERSION = YES;
				CLANG_WARN_OBJC_IMPLICIT_RETAIN_SELF = YES;
				CLANG_WARN_OBJC_LITERAL_CONVERSION = YES;
				CLANG_WARN_OBJC_ROOT_CLASS = YES_ERROR;
				CLANG_WARN_RANGE_LOOP_ANALYSIS = YES;
				CLANG_WARN_STRICT_PROTOTYPES = YES;
				CLANG_WARN_SUSPICIOUS_MOVE = YES;
				CLANG_WARN_UNGUARDED_AVAILABILITY = YES_AGGRESSIVE;
				CLANG_WARN_UNREACHABLE_CODE = YES;
				CLANG_WARN__DUPLICATE_METHOD_MATCH = YES;
				COPY_PHASE_STRIP = NO;
				DEBUG_INFORMATION_FORMAT = dwarf;
				ENABLE_STRICT_OBJC_MSGSEND = YES;
				ENABLE_TESTABILITY = YES;
				GCC_C_LANGUAGE_STANDARD = gnu11;
				GCC_DYNAMIC_NO_PIC = NO;
				GCC_NO_COMMON_BLOCKS = YES;
				GCC_OPTIMIZATION_LEVEL = 0;
				GCC_PREPROCESSOR_DEFINITIONS = (
					"DEBUG=1",
					"$(inherited)",
				);
				GCC_WARN_64_TO_32_BIT_CONVERSION = YES;
				GCC_WARN_ABOUT_RETURN_TYPE = YES_ERROR;
				GCC_WARN_UNDECLARED_SELECTOR = YES;
				GCC_WARN_UNINITIALIZED_AUTOS = YES_AGGRESSIVE;
				GCC_WARN_UNUSED_FUNCTION = YES;
				GCC_WARN_UNUSED_VARIABLE = YES;
				IPHONEOS_DEPLOYMENT_TARGET = 13.2;
				MTL_ENABLE_DEBUG_INFO = INCLUDE_SOURCE;
				MTL_FAST_MATH = YES;
				ONLY_ACTIVE_ARCH = YES;
				SDKROOT = iphoneos;
				SWIFT_ACTIVE_COMPILATION_CONDITIONS = DEBUG;
				SWIFT_OPTIMIZATION_LEVEL = "-Onone";
			};
			name = Debug;
		};
		A64B5E572608AB1300B4B6D9 /* Release */ = {
			isa = XCBuildConfiguration;
			buildSettings = {
				ALWAYS_SEARCH_USER_PATHS = NO;
				CLANG_ANALYZER_NONNULL = YES;
				CLANG_ANALYZER_NUMBER_OBJECT_CONVERSION = YES_AGGRESSIVE;
				CLANG_CXX_LANGUAGE_STANDARD = "gnu++14";
				CLANG_CXX_LIBRARY = "libc++";
				CLANG_ENABLE_MODULES = YES;
				CLANG_ENABLE_OBJC_ARC = YES;
				CLANG_ENABLE_OBJC_WEAK = YES;
				CLANG_WARN_BLOCK_CAPTURE_AUTORELEASING = YES;
				CLANG_WARN_BOOL_CONVERSION = YES;
				CLANG_WARN_COMMA = YES;
				CLANG_WARN_CONSTANT_CONVERSION = YES;
				CLANG_WARN_DEPRECATED_OBJC_IMPLEMENTATIONS = YES;
				CLANG_WARN_DIRECT_OBJC_ISA_USAGE = YES_ERROR;
				CLANG_WARN_DOCUMENTATION_COMMENTS = YES;
				CLANG_WARN_EMPTY_BODY = YES;
				CLANG_WARN_ENUM_CONVERSION = YES;
				CLANG_WARN_INFINITE_RECURSION = YES;
				CLANG_WARN_INT_CONVERSION = YES;
				CLANG_WARN_NON_LITERAL_NULL_CONVERSION = YES;
				CLANG_WARN_OBJC_IMPLICIT_RETAIN_SELF = YES;
				CLANG_WARN_OBJC_LITERAL_CONVERSION = YES;
				CLANG_WARN_OBJC_ROOT_CLASS = YES_ERROR;
				CLANG_WARN_RANGE_LOOP_ANALYSIS = YES;
				CLANG_WARN_STRICT_PROTOTYPES = YES;
				CLANG_WARN_SUSPICIOUS_MOVE = YES;
				CLANG_WARN_UNGUARDED_AVAILABILITY = YES_AGGRESSIVE;
				CLANG_WARN_UNREACHABLE_CODE = YES;
				CLANG_WARN__DUPLICATE_METHOD_MATCH = YES;
				COPY_PHASE_STRIP = NO;
				DEBUG_INFORMATION_FORMAT = "dwarf-with-dsym";
				ENABLE_NS_ASSERTIONS = NO;
				ENABLE_STRICT_OBJC_MSGSEND = YES;
				GCC_C_LANGUAGE_STANDARD = gnu11;
				GCC_NO_COMMON_BLOCKS = YES;
				GCC_WARN_64_TO_32_BIT_CONVERSION = YES;
				GCC_WARN_ABOUT_RETURN_TYPE = YES_ERROR;
				GCC_WARN_UNDECLARED_SELECTOR = YES;
				GCC_WARN_UNINITIALIZED_AUTOS = YES_AGGRESSIVE;
				GCC_WARN_UNUSED_FUNCTION = YES;
				GCC_WARN_UNUSED_VARIABLE = YES;
				IPHONEOS_DEPLOYMENT_TARGET = 13.2;
				MTL_ENABLE_DEBUG_INFO = NO;
				MTL_FAST_MATH = YES;
				SDKROOT = iphoneos;
				SWIFT_COMPILATION_MODE = wholemodule;
				SWIFT_OPTIMIZATION_LEVEL = "-O";
				VALIDATE_PRODUCT = YES;
			};
			name = Release;
		};
		A64B5E592608AB1300B4B6D9 /* Debug */ = {
			isa = XCBuildConfiguration;
			baseConfigurationReference = F32CD8D806F49CDA208C5D02 /* Pods-ChatAround.debug.xcconfig */;
			buildSettings = {
				ASSETCATALOG_COMPILER_APPICON_NAME = AppIcon;
				CODE_SIGN_STYLE = Automatic;
				INFOPLIST_FILE = ChatAround/Info.plist;
				LD_RUNPATH_SEARCH_PATHS = (
					"$(inherited)",
					"@executable_path/Frameworks",
				);
				PRODUCT_BUNDLE_IDENTIFIER = com.taima.net.ChatAround;
				PRODUCT_NAME = "$(TARGET_NAME)";
				SWIFT_VERSION = 5.0;
				TARGETED_DEVICE_FAMILY = "1,2";
			};
			name = Debug;
		};
		A64B5E5A2608AB1300B4B6D9 /* Release */ = {
			isa = XCBuildConfiguration;
			baseConfigurationReference = B74D05116FE0251C1CBD73A0 /* Pods-ChatAround.release.xcconfig */;
			buildSettings = {
				ASSETCATALOG_COMPILER_APPICON_NAME = AppIcon;
				CODE_SIGN_STYLE = Automatic;
				INFOPLIST_FILE = ChatAround/Info.plist;
				LD_RUNPATH_SEARCH_PATHS = (
					"$(inherited)",
					"@executable_path/Frameworks",
				);
				PRODUCT_BUNDLE_IDENTIFIER = com.taima.net.ChatAround;
				PRODUCT_NAME = "$(TARGET_NAME)";
				SWIFT_VERSION = 5.0;
				TARGETED_DEVICE_FAMILY = "1,2";
			};
			name = Release;
		};
/* End XCBuildConfiguration section */

/* Begin XCConfigurationList section */
		A64B5E3F2608AB0F00B4B6D9 /* Build configuration list for PBXProject "ChatAround" */ = {
			isa = XCConfigurationList;
			buildConfigurations = (
				A64B5E562608AB1300B4B6D9 /* Debug */,
				A64B5E572608AB1300B4B6D9 /* Release */,
			);
			defaultConfigurationIsVisible = 0;
			defaultConfigurationName = Release;
		};
		A64B5E582608AB1300B4B6D9 /* Build configuration list for PBXNativeTarget "ChatAround" */ = {
			isa = XCConfigurationList;
			buildConfigurations = (
				A64B5E592608AB1300B4B6D9 /* Debug */,
				A64B5E5A2608AB1300B4B6D9 /* Release */,
			);
			defaultConfigurationIsVisible = 0;
			defaultConfigurationName = Release;
		};
/* End XCConfigurationList section */
	};
	rootObject = A64B5E3C2608AB0F00B4B6D9 /* Project object */;
}
